// !$*UTF8*$!
{
	archiveVersion = 1;
	classes = {
	};
	objectVersion = 46;
	objects = {

/* Begin PBXBuildFile section */
		2ED5C1D7B1EA5489E74D6F26 /* Pods_Nadec2FA.framework in Frameworks */ = {isa = PBXBuildFile; fileRef = A1611C6C6C4B86D0C73FF8FD /* Pods_Nadec2FA.framework */; };
		AC10E7271C317E400076F682 /* AppDelegate.swift in Sources */ = {isa = PBXBuildFile; fileRef = AC10E7261C317E400076F682 /* AppDelegate.swift */; };
		AC10E7291C317E400076F682 /* ViewController.swift in Sources */ = {isa = PBXBuildFile; fileRef = AC10E7281C317E400076F682 /* ViewController.swift */; };
		AC10E72C1C317E400076F682 /* Main.storyboard in Resources */ = {isa = PBXBuildFile; fileRef = AC10E72A1C317E400076F682 /* Main.storyboard */; };
		AC10E72E1C317E400076F682 /* Assets.xcassets in Resources */ = {isa = PBXBuildFile; fileRef = AC10E72D1C317E400076F682 /* Assets.xcassets */; };
		AC10E7311C317E400076F682 /* LaunchScreen.storyboard in Resources */ = {isa = PBXBuildFile; fileRef = AC10E72F1C317E400076F682 /* LaunchScreen.storyboard */; };
		AC75572D1C318A44001BFA47 /* welcomePage.html in Resources */ = {isa = PBXBuildFile; fileRef = AC75572C1C318A44001BFA47 /* welcomePage.html */; };
		AC75572F1C318B46001BFA47 /* globalTop.jpg in Resources */ = {isa = PBXBuildFile; fileRef = AC75572E1C318B46001BFA47 /* globalTop.jpg */; };
/* End PBXBuildFile section */

/* Begin PBXFileReference section */
		322BCB92ABF0A8134893F255 /* Pods-Nadec2FA.debug.xcconfig */ = {isa = PBXFileReference; includeInIndex = 1; lastKnownFileType = text.xcconfig; name = "Pods-Nadec2FA.debug.xcconfig"; path = "Pods/Target Support Files/Pods-Nadec2FA/Pods-Nadec2FA.debug.xcconfig"; sourceTree = "<group>"; };
		6215B7E20ADF91AB36D928FA /* Pods-Nadec2FA.release.xcconfig */ = {isa = PBXFileReference; includeInIndex = 1; lastKnownFileType = text.xcconfig; name = "Pods-Nadec2FA.release.xcconfig"; path = "Pods/Target Support Files/Pods-Nadec2FA/Pods-Nadec2FA.release.xcconfig"; sourceTree = "<group>"; };
		A1611C6C6C4B86D0C73FF8FD /* Pods_Nadec2FA.framework */ = {isa = PBXFileReference; explicitFileType = wrapper.framework; includeInIndex = 0; path = Pods_Nadec2FA.framework; sourceTree = BUILT_PRODUCTS_DIR; };
		AC10E7231C317E400076F682 /* Nadec2FA.app */ = {isa = PBXFileReference; explicitFileType = wrapper.application; includeInIndex = 0; path = Nadec2FA.app; sourceTree = BUILT_PRODUCTS_DIR; };
		AC10E7261C317E400076F682 /* AppDelegate.swift */ = {isa = PBXFileReference; lastKnownFileType = sourcecode.swift; path = AppDelegate.swift; sourceTree = "<group>"; };
		AC10E7281C317E400076F682 /* ViewController.swift */ = {isa = PBXFileReference; lastKnownFileType = sourcecode.swift; path = ViewController.swift; sourceTree = "<group>"; };
		AC10E72B1C317E400076F682 /* Base */ = {isa = PBXFileReference; lastKnownFileType = file.storyboard; name = Base; path = Base.lproj/Main.storyboard; sourceTree = "<group>"; };
		AC10E72D1C317E400076F682 /* Assets.xcassets */ = {isa = PBXFileReference; lastKnownFileType = folder.assetcatalog; path = Assets.xcassets; sourceTree = "<group>"; };
		AC10E7301C317E400076F682 /* Base */ = {isa = PBXFileReference; lastKnownFileType = file.storyboard; name = Base; path = Base.lproj/LaunchScreen.storyboard; sourceTree = "<group>"; };
		AC10E7321C317E400076F682 /* Info.plist */ = {isa = PBXFileReference; lastKnownFileType = text.plist.xml; path = Info.plist; sourceTree = "<group>"; };
		AC75572C1C318A44001BFA47 /* welcomePage.html */ = {isa = PBXFileReference; fileEncoding = 4; lastKnownFileType = text.html; path = welcomePage.html; sourceTree = "<group>"; };
		AC75572E1C318B46001BFA47 /* globalTop.jpg */ = {isa = PBXFileReference; lastKnownFileType = image.jpeg; path = globalTop.jpg; sourceTree = "<group>"; };
/* End PBXFileReference section */

/* Begin PBXFrameworksBuildPhase section */
		AC10E7201C317E400076F682 /* Frameworks */ = {
			isa = PBXFrameworksBuildPhase;
			buildActionMask = 2147483647;
			files = (
				2ED5C1D7B1EA5489E74D6F26 /* Pods_Nadec2FA.framework in Frameworks */,
			);
			runOnlyForDeploymentPostprocessing = 0;
		};
/* End PBXFrameworksBuildPhase section */

/* Begin PBXGroup section */
		38C606F8C54D2790489268A3 /* Frameworks */ = {
			isa = PBXGroup;
			children = (
				A1611C6C6C4B86D0C73FF8FD /* Pods_Nadec2FA.framework */,
			);
			name = Frameworks;
			sourceTree = "<group>";
		};
		A9695025ED98C13DD1E379B0 /* Pods */ = {
			isa = PBXGroup;
			children = (
				322BCB92ABF0A8134893F255 /* Pods-Nadec2FA.debug.xcconfig */,
				6215B7E20ADF91AB36D928FA /* Pods-Nadec2FA.release.xcconfig */,
			);
			name = Pods;
			sourceTree = "<group>";
		};
		AC10E71A1C317E400076F682 = {
			isa = PBXGroup;
			children = (
				AC10E7251C317E400076F682 /* Nadec2FA */,
				AC10E7241C317E400076F682 /* Products */,
				A9695025ED98C13DD1E379B0 /* Pods */,
				38C606F8C54D2790489268A3 /* Frameworks */,
			);
			sourceTree = "<group>";
		};
		AC10E7241C317E400076F682 /* Products */ = {
			isa = PBXGroup;
			children = (
				AC10E7231C317E400076F682 /* Nadec2FA.app */,
			);
			name = Products;
			sourceTree = "<group>";
		};
		AC10E7251C317E400076F682 /* Nadec2FA */ = {
			isa = PBXGroup;
			children = (
				AC75572E1C318B46001BFA47 /* globalTop.jpg */,
				AC75572C1C318A44001BFA47 /* welcomePage.html */,
				AC10E7261C317E400076F682 /* AppDelegate.swift */,
				AC10E7281C317E400076F682 /* ViewController.swift */,
				AC10E72A1C317E400076F682 /* Main.storyboard */,
				AC10E72D1C317E400076F682 /* Assets.xcassets */,
				AC10E72F1C317E400076F682 /* LaunchScreen.storyboard */,
				AC10E7321C317E400076F682 /* Info.plist */,
			);
			path = Nadec2FA;
			sourceTree = "<group>";
		};
/* End PBXGroup section */

/* Begin PBXNativeTarget section */
		AC10E7221C317E400076F682 /* Nadec2FA */ = {
			isa = PBXNativeTarget;
			buildConfigurationList = AC10E7351C317E400076F682 /* Build configuration list for PBXNativeTarget "Nadec2FA" */;
			buildPhases = (
				4C3B3EAFDDE6578582BD70C8 /* Check Pods Manifest.lock */,
				AC10E71F1C317E400076F682 /* Sources */,
				AC10E7201C317E400076F682 /* Frameworks */,
				AC10E7211C317E400076F682 /* Resources */,
				A2FF02BABDB56BBEB136C772 /* Embed Pods Frameworks */,
				56997BDB7C57731A79F02BBE /* Copy Pods Resources */,
			);
			buildRules = (
			);
			dependencies = (
			);
			name = Nadec2FA;
			productName = Nadec2FA;
			productReference = AC10E7231C317E400076F682 /* Nadec2FA.app */;
			productType = "com.apple.product-type.application";
		};
/* End PBXNativeTarget section */

/* Begin PBXProject section */
		AC10E71B1C317E400076F682 /* Project object */ = {
			isa = PBXProject;
			attributes = {
				LastSwiftUpdateCheck = 0720;
				LastUpgradeCheck = 0720;
				ORGANIZATIONNAME = "Innovative Solutions";
				TargetAttributes = {
					AC10E7221C317E400076F682 = {
						CreatedOnToolsVersion = 7.2;
						DevelopmentTeam = A8BLV74V3D;
					};
				};
			};
			buildConfigurationList = AC10E71E1C317E400076F682 /* Build configuration list for PBXProject "Nadec2FA" */;
			compatibilityVersion = "Xcode 3.2";
			developmentRegion = English;
			hasScannedForEncodings = 0;
			knownRegions = (
				en,
				Base,
			);
			mainGroup = AC10E71A1C317E400076F682;
			productRefGroup = AC10E7241C317E400076F682 /* Products */;
			projectDirPath = "";
			projectRoot = "";
			targets = (
				AC10E7221C317E400076F682 /* Nadec2FA */,
			);
		};
/* End PBXProject section */

/* Begin PBXResourcesBuildPhase section */
		AC10E7211C317E400076F682 /* Resources */ = {
			isa = PBXResourcesBuildPhase;
			buildActionMask = 2147483647;
			files = (
				AC75572D1C318A44001BFA47 /* welcomePage.html in Resources */,
				AC10E7311C317E400076F682 /* LaunchScreen.storyboard in Resources */,
				AC75572F1C318B46001BFA47 /* globalTop.jpg in Resources */,
				AC10E72E1C317E400076F682 /* Assets.xcassets in Resources */,
				AC10E72C1C317E400076F682 /* Main.storyboard in Resources */,
			);
			runOnlyForDeploymentPostprocessing = 0;
		};
/* End PBXResourcesBuildPhase section */

/* Begin PBXShellScriptBuildPhase section */
		4C3B3EAFDDE6578582BD70C8 /* Check Pods Manifest.lock */ = {
			isa = PBXShellScriptBuildPhase;
			buildActionMask = 2147483647;
			files = (
			);
			inputPaths = (
			);
			name = "Check Pods Manifest.lock";
			outputPaths = (
			);
			runOnlyForDeploymentPostprocessing = 0;
			shellPath = /bin/sh;
			shellScript = "diff \"${PODS_ROOT}/../Podfile.lock\" \"${PODS_ROOT}/Manifest.lock\" > /dev/null\nif [[ $? != 0 ]] ; then\n    cat << EOM\nerror: The sandbox is not in sync with the Podfile.lock. Run 'pod install' or update your CocoaPods installation.\nEOM\n    exit 1\nfi\n";
			showEnvVarsInLog = 0;
		};
		56997BDB7C57731A79F02BBE /* Copy Pods Resources */ = {
			isa = PBXShellScriptBuildPhase;
			buildActionMask = 2147483647;
			files = (
			);
			inputPaths = (
			);
			name = "Copy Pods Resources";
			outputPaths = (
			);
			runOnlyForDeploymentPostprocessing = 0;
			shellPath = /bin/sh;
			shellScript = "\"${SRCROOT}/Pods/Target Support Files/Pods-Nadec2FA/Pods-Nadec2FA-resources.sh\"\n";
			showEnvVarsInLog = 0;
		};
		A2FF02BABDB56BBEB136C772 /* Embed Pods Frameworks */ = {
			isa = PBXShellScriptBuildPhase;
			buildActionMask = 2147483647;
			files = (
			);
			inputPaths = (
			);
			name = "Embed Pods Frameworks";
			outputPaths = (
			);
			runOnlyForDeploymentPostprocessing = 0;
			shellPath = /bin/sh;
			shellScript = "\"${SRCROOT}/Pods/Target Support Files/Pods-Nadec2FA/Pods-Nadec2FA-frameworks.sh\"\n";
			showEnvVarsInLog = 0;
		};
/* End PBXShellScriptBuildPhase section */

/* Begin PBXSourcesBuildPhase section */
		AC10E71F1C317E400076F682 /* Sources */ = {
			isa = PBXSourcesBuildPhase;
			buildActionMask = 2147483647;
			files = (
				AC10E7291C317E400076F682 /* ViewController.swift in Sources */,
				AC10E7271C317E400076F682 /* AppDelegate.swift in Sources */,
			);
			runOnlyForDeploymentPostprocessing = 0;
		};
/* End PBXSourcesBuildPhase section */

/* Begin PBXVariantGroup section */
		AC10E72A1C317E400076F682 /* Main.storyboard */ = {
			isa = PBXVariantGroup;
			children = (
				AC10E72B1C317E400076F682 /* Base */,
			);
			name = Main.storyboard;
			sourceTree = "<group>";
		};
		AC10E72F1C317E400076F682 /* LaunchScreen.storyboard */ = {
			isa = PBXVariantGroup;
			children = (
				AC10E7301C317E400076F682 /* Base */,
			);
			name = LaunchScreen.storyboard;
			sourceTree = "<group>";
		};
/* End PBXVariantGroup section */

/* Begin XCBuildConfiguration section */
		AC10E7331C317E400076F682 /* Debug */ = {
			isa = XCBuildConfiguration;
			buildSettings = {
				ALWAYS_SEARCH_USER_PATHS = NO;
				CLANG_CXX_LANGUAGE_STANDARD = "gnu++0x";
				CLANG_CXX_LIBRARY = "libc++";
				CLANG_ENABLE_MODULES = YES;
				CLANG_ENABLE_OBJC_ARC = YES;
				CLANG_WARN_BOOL_CONVERSION = YES;
				CLANG_WARN_CONSTANT_CONVERSION = YES;
				CLANG_WARN_DIRECT_OBJC_ISA_USAGE = YES_ERROR;
				CLANG_WARN_EMPTY_BODY = YES;
				CLANG_WARN_ENUM_CONVERSION = YES;
				CLANG_WARN_INT_CONVERSION = YES;
				CLANG_WARN_OBJC_ROOT_CLASS = YES_ERROR;
				CLANG_WARN_UNREACHABLE_CODE = YES;
				CLANG_WARN__DUPLICATE_METHOD_MATCH = YES;
				"CODE_SIGN_IDENTITY[sdk=iphoneos*]" = "iPhone Developer";
				COPY_PHASE_STRIP = NO;
				DEBUG_INFORMATION_FORMAT = dwarf;
				ENABLE_STRICT_OBJC_MSGSEND = YES;
				ENABLE_TESTABILITY = YES;
				GCC_C_LANGUAGE_STANDARD = gnu99;
				GCC_DYNAMIC_NO_PIC = NO;
				GCC_NO_COMMON_BLOCKS = YES;
				GCC_OPTIMIZATION_LEVEL = 0;
				GCC_PREPROCESSOR_DEFINITIONS = (
					"DEBUG=1",
					"$(inherited)",
				);
				GCC_WARN_64_TO_32_BIT_CONVERSION = YES;
				GCC_WARN_ABOUT_RETURN_TYPE = YES_ERROR;
				GCC_WARN_UNDECLARED_SELECTOR = YES;
				GCC_WARN_UNINITIALIZED_AUTOS = YES_AGGRESSIVE;
				GCC_WARN_UNUSED_FUNCTION = YES;
				GCC_WARN_UNUSED_VARIABLE = YES;
				IPHONEOS_DEPLOYMENT_TARGET = 9.2;
				MTL_ENABLE_DEBUG_INFO = YES;
				ONLY_ACTIVE_ARCH = YES;
				SDKROOT = iphoneos;
				SWIFT_OPTIMIZATION_LEVEL = "-Onone";
			};
			name = Debug;
		};
		AC10E7341C317E400076F682 /* Release */ = {
			isa = XCBuildConfiguration;
			buildSettings = {
				ALWAYS_SEARCH_USER_PATHS = NO;
				CLANG_CXX_LANGUAGE_STANDARD = "gnu++0x";
				CLANG_CXX_LIBRARY = "libc++";
				CLANG_ENABLE_MODULES = YES;
				CLANG_ENABLE_OBJC_ARC = YES;
				CLANG_WARN_BOOL_CONVERSION = YES;
				CLANG_WARN_CONSTANT_CONVERSION = YES;
				CLANG_WARN_DIRECT_OBJC_ISA_USAGE = YES_ERROR;
				CLANG_WARN_EMPTY_BODY = YES;
				CLANG_WARN_ENUM_CONVERSION = YES;
				CLANG_WARN_INT_CONVERSION = YES;
				CLANG_WARN_OBJC_ROOT_CLASS = YES_ERROR;
				CLANG_WARN_UNREACHABLE_CODE = YES;
				CLANG_WARN__DUPLICATE_METHOD_MATCH = YES;
				"CODE_SIGN_IDENTITY[sdk=iphoneos*]" = "iPhone Developer";
				COPY_PHASE_STRIP = NO;
				DEBUG_INFORMATION_FORMAT = "dwarf-with-dsym";
				ENABLE_NS_ASSERTIONS = NO;
				ENABLE_STRICT_OBJC_MSGSEND = YES;
				GCC_C_LANGUAGE_STANDARD = gnu99;
				GCC_NO_COMMON_BLOCKS = YES;
				GCC_WARN_64_TO_32_BIT_CONVERSION = YES;
				GCC_WARN_ABOUT_RETURN_TYPE = YES_ERROR;
				GCC_WARN_UNDECLARED_SELECTOR = YES;
				GCC_WARN_UNINITIALIZED_AUTOS = YES_AGGRESSIVE;
				GCC_WARN_UNUSED_FUNCTION = YES;
				GCC_WARN_UNUSED_VARIABLE = YES;
				IPHONEOS_DEPLOYMENT_TARGET = 9.2;
				MTL_ENABLE_DEBUG_INFO = NO;
				SDKROOT = iphoneos;
				VALIDATE_PRODUCT = YES;
			};
			name = Release;
		};
		AC10E7361C317E400076F682 /* Debug */ = {
			isa = XCBuildConfiguration;
			baseConfigurationReference = 322BCB92ABF0A8134893F255 /* Pods-Nadec2FA.debug.xcconfig */;
			buildSettings = {
				ASSETCATALOG_COMPILER_APPICON_NAME = AppIcon;
				CODE_SIGN_IDENTITY = "iPhone Developer";
				"CODE_SIGN_IDENTITY[sdk=iphoneos*]" = "iPhone Developer";
				INFOPLIST_FILE = Nadec2FA/Info.plist;
				IPHONEOS_DEPLOYMENT_TARGET = 9.0;
				LD_RUNPATH_SEARCH_PATHS = "$(inherited) @executable_path/Frameworks";
				PRODUCT_BUNDLE_IDENTIFIER = sa.com.nadec.ios.fa.Nadec2FA;
				PRODUCT_NAME = "$(TARGET_NAME)";
				PROVISIONING_PROFILE = "";
			};
			name = Debug;
		};
		AC10E7371C317E400076F682 /* Release */ = {
			isa = XCBuildConfiguration;
			baseConfigurationReference = 6215B7E20ADF91AB36D928FA /* Pods-Nadec2FA.release.xcconfig */;
			buildSettings = {
				ASSETCATALOG_COMPILER_APPICON_NAME = AppIcon;
				CODE_SIGN_IDENTITY = "iPhone Developer";
				"CODE_SIGN_IDENTITY[sdk=iphoneos*]" = "iPhone Developer";
				INFOPLIST_FILE = Nadec2FA/Info.plist;
				IPHONEOS_DEPLOYMENT_TARGET = 9.0;
				LD_RUNPATH_SEARCH_PATHS = "$(inherited) @executable_path/Frameworks";
				PRODUCT_BUNDLE_IDENTIFIER = sa.com.nadec.ios.fa.Nadec2FA;
				PRODUCT_NAME = "$(TARGET_NAME)";
				PROVISIONING_PROFILE = "";
			};
			name = Release;
		};
/* End XCBuildConfiguration section */

/* Begin XCConfigurationList section */
		AC10E71E1C317E400076F682 /* Build configuration list for PBXProject "Nadec2FA" */ = {
			isa = XCConfigurationList;
			buildConfigurations = (
				AC10E7331C317E400076F682 /* Debug */,
				AC10E7341C317E400076F682 /* Release */,
			);
			defaultConfigurationIsVisible = 0;
			defaultConfigurationName = Release;
		};
		AC10E7351C317E400076F682 /* Build configuration list for PBXNativeTarget "Nadec2FA" */ = {
			isa = XCConfigurationList;
			buildConfigurations = (
				AC10E7361C317E400076F682 /* Debug */,
				AC10E7371C317E400076F682 /* Release */,
			);
			defaultConfigurationIsVisible = 0;
			defaultConfigurationName = Release;
		};
/* End XCConfigurationList section */
	};
	rootObject = AC10E71B1C317E400076F682 /* Project object */;
}
